// !$*UTF8*$!
{
	archiveVersion = 1;
	classes = {
	};
	objectVersion = 46;
	objects = {

/* Begin PBXBuildFile section */
		7BEA90EE1CA1B2D20008E490 /* AppDelegate.swift in Sources */ = {isa = PBXBuildFile; fileRef = 7BEA90ED1CA1B2D20008E490 /* AppDelegate.swift */; };
		7BEA90F01CA1B2D20008E490 /* ViewController.swift in Sources */ = {isa = PBXBuildFile; fileRef = 7BEA90EF1CA1B2D20008E490 /* ViewController.swift */; };
		7BEA90F31CA1B2D20008E490 /* Main.storyboard in Resources */ = {isa = PBXBuildFile; fileRef = 7BEA90F11CA1B2D20008E490 /* Main.storyboard */; };
		7BEA90F51CA1B2D20008E490 /* Assets.xcassets in Resources */ = {isa = PBXBuildFile; fileRef = 7BEA90F41CA1B2D20008E490 /* Assets.xcassets */; };
		7BEA90F81CA1B2D20008E490 /* LaunchScreen.storyboard in Resources */ = {isa = PBXBuildFile; fileRef = 7BEA90F61CA1B2D20008E490 /* LaunchScreen.storyboard */; };
/* End PBXBuildFile section */

/* Begin PBXFileReference section */
		7BEA90EA1CA1B2D20008E490 /* 3DTouch.app */ = {isa = PBXFileReference; explicitFileType = wrapper.application; includeInIndex = 0; path = 3DTouch.app; sourceTree = BUILT_PRODUCTS_DIR; };
		7BEA90ED1CA1B2D20008E490 /* AppDelegate.swift */ = {isa = PBXFileReference; lastKnownFileType = sourcecode.swift; path = AppDelegate.swift; sourceTree = "<group>"; };
		7BEA90EF1CA1B2D20008E490 /* ViewController.swift */ = {isa = PBXFileReference; lastKnownFileType = sourcecode.swift; path = ViewController.swift; sourceTree = "<group>"; };
		7BEA90F21CA1B2D20008E490 /* Base */ = {isa = PBXFileReference; lastKnownFileType = file.storyboard; name = Base; path = Base.lproj/Main.storyboard; sourceTree = "<group>"; };
		7BEA90F41CA1B2D20008E490 /* Assets.xcassets */ = {isa = PBXFileReference; lastKnownFileType = folder.assetcatalog; path = Assets.xcassets; sourceTree = "<group>"; };
		7BEA90F71CA1B2D20008E490 /* Base */ = {isa = PBXFileReference; lastKnownFileType = file.storyboard; name = Base; path = Base.lproj/LaunchScreen.storyboard; sourceTree = "<group>"; };
		7BEA90F91CA1B2D20008E490 /* Info.plist */ = {isa = PBXFileReference; lastKnownFileType = text.plist.xml; path = Info.plist; sourceTree = "<group>"; };
/* End PBXFileReference section */

/* Begin PBXFrameworksBuildPhase section */
		7BEA90E71CA1B2D20008E490 /* Frameworks */ = {
			isa = PBXFrameworksBuildPhase;
			buildActionMask = 2147483647;
			files = (
			);
			runOnlyForDeploymentPostprocessing = 0;
		};
/* End PBXFrameworksBuildPhase section */

/* Begin PBXGroup section */
		7BEA90E11CA1B2D20008E490 = {
			isa = PBXGroup;
			children = (
				7BEA90EC1CA1B2D20008E490 /* 3DTouch */,
				7BEA90EB1CA1B2D20008E490 /* Products */,
			);
			sourceTree = "<group>";
		};
		7BEA90EB1CA1B2D20008E490 /* Products */ = {
			isa = PBXGroup;
			children = (
				7BEA90EA1CA1B2D20008E490 /* 3DTouch.app */,
			);
			name = Products;
			sourceTree = "<group>";
		};
		7BEA90EC1CA1B2D20008E490 /* 3DTouch */ = {
			isa = PBXGroup;
			children = (
				7BEA90ED1CA1B2D20008E490 /* AppDelegate.swift */,
				7BEA90EF1CA1B2D20008E490 /* ViewController.swift */,
				7BEA90F11CA1B2D20008E490 /* Main.storyboard */,
				7BEA90F41CA1B2D20008E490 /* Assets.xcassets */,
				7BEA90F61CA1B2D20008E490 /* LaunchScreen.storyboard */,
				7BEA90F91CA1B2D20008E490 /* Info.plist */,
			);
			path = 3DTouch;
			sourceTree = "<group>";
		};
/* End PBXGroup section */

/* Begin PBXNativeTarget section */
		7BEA90E91CA1B2D20008E490 /* 3DTouch */ = {
			isa = PBXNativeTarget;
			buildConfigurationList = 7BEA90FC1CA1B2D20008E490 /* Build configuration list for PBXNativeTarget "3DTouch" */;
			buildPhases = (
				7BEA90E61CA1B2D20008E490 /* Sources */,
				7BEA90E71CA1B2D20008E490 /* Frameworks */,
				7BEA90E81CA1B2D20008E490 /* Resources */,
			);
			buildRules = (
			);
			dependencies = (
			);
			name = 3DTouch;
			productName = 3DTouch;
			productReference = 7BEA90EA1CA1B2D20008E490 /* 3DTouch.app */;
			productType = "com.apple.product-type.application";
		};
/* End PBXNativeTarget section */

/* Begin PBXProject section */
		7BEA90E21CA1B2D20008E490 /* Project object */ = {
			isa = PBXProject;
			attributes = {
				LastSwiftUpdateCheck = 0720;
				LastUpgradeCheck = 0720;
				ORGANIZATIONNAME = "Ketul Patani";
				TargetAttributes = {
					7BEA90E91CA1B2D20008E490 = {
						CreatedOnToolsVersion = 7.2.1;
						DevelopmentTeam = 5VJBH8S2LJ;
					};
				};
			};
			buildConfigurationList = 7BEA90E51CA1B2D20008E490 /* Build configuration list for PBXProject "3DTouch" */;
			compatibilityVersion = "Xcode 3.2";
			developmentRegion = English;
			hasScannedForEncodings = 0;
			knownRegions = (
				en,
				Base,
			);
			mainGroup = 7BEA90E11CA1B2D20008E490;
			productRefGroup = 7BEA90EB1CA1B2D20008E490 /* Products */;
			projectDirPath = "";
			projectRoot = "";
			targets = (
				7BEA90E91CA1B2D20008E490 /* 3DTouch */,
			);
		};
/* End PBXProject section */

/* Begin PBXResourcesBuildPhase section */
		7BEA90E81CA1B2D20008E490 /* Resources */ = {
			isa = PBXResourcesBuildPhase;
			buildActionMask = 2147483647;
			files = (
				7BEA90F81CA1B2D20008E490 /* LaunchScreen.storyboard in Resources */,
				7BEA90F51CA1B2D20008E490 /* Assets.xcassets in Resources */,
				7BEA90F31CA1B2D20008E490 /* Main.storyboard in Resources */,
			);
			runOnlyForDeploymentPostprocessing = 0;
		};
/* End PBXResourcesBuildPhase section */

/* Begin PBXSourcesBuildPhase section */
		7BEA90E61CA1B2D20008E490 /* Sources */ = {
			isa = PBXSourcesBuildPhase;
			buildActionMask = 2147483647;
			files = (
				7BEA90F01CA1B2D20008E490 /* ViewController.swift in Sources */,
				7BEA90EE1CA1B2D20008E490 /* AppDelegate.swift in Sources */,
			);
			runOnlyForDeploymentPostprocessing = 0;
		};
/* End PBXSourcesBuildPhase section */

/* Begin PBXVariantGroup section */
		7BEA90F11CA1B2D20008E490 /* Main.storyboard */ = {
			isa = PBXVariantGroup;
			children = (
				7BEA90F21CA1B2D20008E490 /* Base */,
			);
			name = Main.storyboard;
			sourceTree = "<group>";
		};
		7BEA90F61CA1B2D20008E490 /* LaunchScreen.storyboard */ = {
			isa = PBXVariantGroup;
			children = (
				7BEA90F71CA1B2D20008E490 /* Base */,
			);
			name = LaunchScreen.storyboard;
			sourceTree = "<group>";
		};
/* End PBXVariantGroup section */

/* Begin XCBuildConfiguration section */
		7BEA90FA1CA1B2D20008E490 /* Debug */ = {
			isa = XCBuildConfiguration;
			buildSettings = {
				ALWAYS_SEARCH_USER_PATHS = NO;
				CLANG_CXX_LANGUAGE_STANDARD = "gnu++0x";
				CLANG_CXX_LIBRARY = "libc++";
				CLANG_ENABLE_MODULES = YES;
				CLANG_ENABLE_OBJC_ARC = YES;
				CLANG_WARN_BOOL_CONVERSION = YES;
				CLANG_WARN_CONSTANT_CONVERSION = YES;
				CLANG_WARN_DIRECT_OBJC_ISA_USAGE = YES_ERROR;
				CLANG_WARN_EMPTY_BODY = YES;
				CLANG_WARN_ENUM_CONVERSION = YES;
				CLANG_WARN_INT_CONVERSION = YES;
				CLANG_WARN_OBJC_ROOT_CLASS = YES_ERROR;
				CLANG_WARN_UNREACHABLE_CODE = YES;
				CLANG_WARN__DUPLICATE_METHOD_MATCH = YES;
				"CODE_SIGN_IDENTITY[sdk=iphoneos*]" = "iPhone Developer";
				COPY_PHASE_STRIP = NO;
				DEBUG_INFORMATION_FORMAT = dwarf;
				ENABLE_STRICT_OBJC_MSGSEND = YES;
				ENABLE_TESTABILITY = YES;
				GCC_C_LANGUAGE_STANDARD = gnu99;
				GCC_DYNAMIC_NO_PIC = NO;
				GCC_NO_COMMON_BLOCKS = YES;
				GCC_OPTIMIZATION_LEVEL = 0;
				GCC_PREPROCESSOR_DEFINITIONS = (
					"DEBUG=1",
					"$(inherited)",
				);
				GCC_WARN_64_TO_32_BIT_CONVERSION = YES;
				GCC_WARN_ABOUT_RETURN_TYPE = YES_ERROR;
				GCC_WARN_UNDECLARED_SELECTOR = YES;
				GCC_WARN_UNINITIALIZED_AUTOS = YES_AGGRESSIVE;
				GCC_WARN_UNUSED_FUNCTION = YES;
				GCC_WARN_UNUSED_VARIABLE = YES;
				IPHONEOS_DEPLOYMENT_TARGET = 9.2;
				MTL_ENABLE_DEBUG_INFO = YES;
				ONLY_ACTIVE_ARCH = YES;
				SDKROOT = iphoneos;
				SWIFT_OPTIMIZATION_LEVEL = "-Onone";
			};
			name = Debug;
		};
		7BEA90FB1CA1B2D20008E490 /* Release */ = {
			isa = XCBuildConfiguration;
			buildSettings = {
				ALWAYS_SEARCH_USER_PATHS = NO;
				CLANG_CXX_LANGUAGE_STANDARD = "gnu++0x";
				CLANG_CXX_LIBRARY = "libc++";
				CLANG_ENABLE_MODULES = YES;
				CLANG_ENABLE_OBJC_ARC = YES;
				CLANG_WARN_BOOL_CONVERSION = YES;
				CLANG_WARN_CONSTANT_CONVERSION = YES;
				CLANG_WARN_DIRECT_OBJC_ISA_USAGE = YES_ERROR;
				CLANG_WARN_EMPTY_BODY = YES;
				CLANG_WARN_ENUM_CONVERSION = YES;
				CLANG_WARN_INT_CONVERSION = YES;
				CLANG_WARN_OBJC_ROOT_CLASS = YES_ERROR;
				CLANG_WARN_UNREACHABLE_CODE = YES;
				CLANG_WARN__DUPLICATE_METHOD_MATCH = YES;
				"CODE_SIGN_IDENTITY[sdk=iphoneos*]" = "iPhone Developer";
				COPY_PHASE_STRIP = NO;
				DEBUG_INFORMATION_FORMAT = "dwarf-with-dsym";
				ENABLE_NS_ASSERTIONS = NO;
				ENABLE_STRICT_OBJC_MSGSEND = YES;
				GCC_C_LANGUAGE_STANDARD = gnu99;
				GCC_NO_COMMON_BLOCKS = YES;
				GCC_WARN_64_TO_32_BIT_CONVERSION = YES;
				GCC_WARN_ABOUT_RETURN_TYPE = YES_ERROR;
				GCC_WARN_UNDECLARED_SELECTOR = YES;
				GCC_WARN_UNINITIALIZED_AUTOS = YES_AGGRESSIVE;
				GCC_WARN_UNUSED_FUNCTION = YES;
				GCC_WARN_UNUSED_VARIABLE = YES;
				IPHONEOS_DEPLOYMENT_TARGET = 9.2;
				MTL_ENABLE_DEBUG_INFO = NO;
				SDKROOT = iphoneos;
				VALIDATE_PRODUCT = YES;
			};
			name = Release;
		};
		7BEA90FD1CA1B2D20008E490 /* Debug */ = {
			isa = XCBuildConfiguration;
			buildSettings = {
				ASSETCATALOG_COMPILER_APPICON_NAME = AppIcon;
				CODE_SIGN_IDENTITY = "iPhone Developer";
				INFOPLIST_FILE = 3DTouch/Info.plist;
				IPHONEOS_DEPLOYMENT_TARGET = 9.2;
				LD_RUNPATH_SEARCH_PATHS = "$(inherited) @executable_path/Frameworks";
				PRODUCT_BUNDLE_IDENTIFIER = "Ketul-Patani.-DTouch";
				PRODUCT_NAME = "$(TARGET_NAME)";
			};
			name = Debug;
		};
		7BEA90FE1CA1B2D20008E490 /* Release */ = {
			isa = XCBuildConfiguration;
			buildSettings = {
				ASSETCATALOG_COMPILER_APPICON_NAME = AppIcon;
				CODE_SIGN_IDENTITY = "iPhone Developer";
				INFOPLIST_FILE = 3DTouch/Info.plist;
				IPHONEOS_DEPLOYMENT_TARGET = 9.2;
				LD_RUNPATH_SEARCH_PATHS = "$(inherited) @executable_path/Frameworks";
				PRODUCT_BUNDLE_IDENTIFIER = "Ketul-Patani.-DTouch";
				PRODUCT_NAME = "$(TARGET_NAME)";
			};
			name = Release;
		};
/* End XCBuildConfiguration section */

/* Begin XCConfigurationList section */
		7BEA90E51CA1B2D20008E490 /* Build configuration list for PBXProject "3DTouch" */ = {
			isa = XCConfigurationList;
			buildConfigurations = (
				7BEA90FA1CA1B2D20008E490 /* Debug */,
				7BEA90FB1CA1B2D20008E490 /* Release */,
			);
			defaultConfigurationIsVisible = 0;
			defaultConfigurationName = Release;
		};
		7BEA90FC1CA1B2D20008E490 /* Build configuration list for PBXNativeTarget "3DTouch" */ = {
			isa = XCConfigurationList;
			buildConfigurations = (
				7BEA90FD1CA1B2D20008E490 /* Debug */,
				7BEA90FE1CA1B2D20008E490 /* Release */,
			);
			defaultConfigurationIsVisible = 0;
		};
/* End XCConfigurationList section */
	};
	rootObject = 7BEA90E21CA1B2D20008E490 /* Project object */;
}
